
Microsoft Visual Studio Solution File, Format Version 12.00
# Visual Studio Version 17
VisualStudioVersion = 17.7.34202.233
MinimumVisualStudioVersion = 10.0.40219.1
Project("{FAE04EC0-301F-11D3-BF4B-00C04F79EFBC}") = "Program20", "Program20\Program20.csproj", "{D4B78388-C81D-4C6B-AB16-0A546C1700BE}"
EndProject
Global
	GlobalSection(SolutionConfigurationPlatforms) = preSolution
		Debug|Any CPU = Debug|Any CPU
		Release|Any CPU = Release|Any CPU
	EndGlobalSection
	GlobalSection(ProjectConfigurationPlatforms) = postSolution
		{D4B78388-C81D-4C6B-AB16-0A546C1700BE}.Debug|Any CPU.ActiveCfg = Debug|Any CPU
		{D4B78388-C81D-4C6B-AB16-0A546C1700BE}.Debug|Any CPU.Build.0 = Debug|Any CPU
		{D4B78388-C81D-4C6B-AB16-0A546C1700BE}.Release|Any CPU.ActiveCfg = Release|Any CPU
		{D4B78388-C81D-4C6B-AB16-0A546C1700BE}.Release|Any CPU.Build.0 = Release|Any CPU
	EndGlobalSection
	GlobalSection(SolutionProperties) = preSolution
		HideSolutionNode = FALSE
	EndGlobalSection
	GlobalSection(ExtensibilityGlobals) = postSolution
		SolutionGuid = {80055EB2-A7A0-494C-8C1F-5DF713404EEA}
	EndGlobalSection
EndGlobal
